// !$*UTF8*$!
{
	archiveVersion = 1;
	classes = {
	};
	objectVersion = 56;
	objects = {

/* Begin PBXBuildFile section */
		7A971DDF2C6B61F900C465CB /* AppDelegate.swift in Sources */ = {isa = PBXBuildFile; fileRef = 7A971DDE2C6B61F900C465CB /* AppDelegate.swift */; };
		7A971DE12C6B61F900C465CB /* SceneDelegate.swift in Sources */ = {isa = PBXBuildFile; fileRef = 7A971DE02C6B61F900C465CB /* SceneDelegate.swift */; };
		7A971DE32C6B61F900C465CB /* QuizViewController.swift in Sources */ = {isa = PBXBuildFile; fileRef = 7A971DE22C6B61F900C465CB /* QuizViewController.swift */; };
		7A971DE82C6B61FC00C465CB /* Assets.xcassets in Resources */ = {isa = PBXBuildFile; fileRef = 7A971DE72C6B61FC00C465CB /* Assets.xcassets */; };
		7A971DF32C6B704B00C465CB /* Model.swift in Sources */ = {isa = PBXBuildFile; fileRef = 7A971DF22C6B704B00C465CB /* Model.swift */; };
		7A971DF42C6B778A00C465CB /* LaunchScreen.storyboard in Resources */ = {isa = PBXBuildFile; fileRef = 7A971DE92C6B61FC00C465CB /* LaunchScreen.storyboard */; };
		7A971DF62C6B790700C465CB /* MenuViewController.swift in Sources */ = {isa = PBXBuildFile; fileRef = 7A971DF52C6B790700C465CB /* MenuViewController.swift */; };
		7A971DF82C6B797000C465CB /* IrishGrover-Regular.ttf in Resources */ = {isa = PBXBuildFile; fileRef = 7A971DF72C6B797000C465CB /* IrishGrover-Regular.ttf */; };
		7A971DFA2C6B7B8500C465CB /* Katibeh-Regular.ttf in Resources */ = {isa = PBXBuildFile; fileRef = 7A971DF92C6B7B8500C465CB /* Katibeh-Regular.ttf */; };
		7A971E062C6CA24A00C465CB /* heart.gif in Resources */ = {isa = PBXBuildFile; fileRef = 7A971E052C6CA24A00C465CB /* heart.gif */; };
		7A971E082C6CAA8400C465CB /* star.gif in Resources */ = {isa = PBXBuildFile; fileRef = 7A971E072C6CAA8300C465CB /* star.gif */; };
		7A971E0A2C6CB84200C465CB /* correct.gif in Resources */ = {isa = PBXBuildFile; fileRef = 7A971E092C6CB84200C465CB /* correct.gif */; };
		7A971E0C2C6CBE3100C465CB /* finish.gif in Resources */ = {isa = PBXBuildFile; fileRef = 7A971E0B2C6CBE3000C465CB /* finish.gif */; };
/* End PBXBuildFile section */

/* Begin PBXFileReference section */
		7A971DDB2C6B61F900C465CB /* quiz app.app */ = {isa = PBXFileReference; explicitFileType = wrapper.application; includeInIndex = 0; path = "quiz app.app"; sourceTree = BUILT_PRODUCTS_DIR; };
		7A971DDE2C6B61F900C465CB /* AppDelegate.swift */ = {isa = PBXFileReference; lastKnownFileType = sourcecode.swift; path = AppDelegate.swift; sourceTree = "<group>"; };
		7A971DE02C6B61F900C465CB /* SceneDelegate.swift */ = {isa = PBXFileReference; lastKnownFileType = sourcecode.swift; path = SceneDelegate.swift; sourceTree = "<group>"; };
		7A971DE22C6B61F900C465CB /* QuizViewController.swift */ = {isa = PBXFileReference; lastKnownFileType = sourcecode.swift; path = QuizViewController.swift; sourceTree = "<group>"; };
		7A971DE72C6B61FC00C465CB /* Assets.xcassets */ = {isa = PBXFileReference; lastKnownFileType = folder.assetcatalog; path = Assets.xcassets; sourceTree = "<group>"; };
		7A971DEA2C6B61FC00C465CB /* Base */ = {isa = PBXFileReference; lastKnownFileType = file.storyboard; name = Base; path = Base.lproj/LaunchScreen.storyboard; sourceTree = "<group>"; };
		7A971DEC2C6B61FC00C465CB /* Info.plist */ = {isa = PBXFileReference; lastKnownFileType = text.plist.xml; path = Info.plist; sourceTree = "<group>"; };
		7A971DF22C6B704B00C465CB /* Model.swift */ = {isa = PBXFileReference; lastKnownFileType = sourcecode.swift; path = Model.swift; sourceTree = "<group>"; };
		7A971DF52C6B790700C465CB /* MenuViewController.swift */ = {isa = PBXFileReference; lastKnownFileType = sourcecode.swift; path = MenuViewController.swift; sourceTree = "<group>"; };
		7A971DF72C6B797000C465CB /* IrishGrover-Regular.ttf */ = {isa = PBXFileReference; lastKnownFileType = file; path = "IrishGrover-Regular.ttf"; sourceTree = "<group>"; };
		7A971DF92C6B7B8500C465CB /* Katibeh-Regular.ttf */ = {isa = PBXFileReference; lastKnownFileType = file; path = "Katibeh-Regular.ttf"; sourceTree = "<group>"; };
		7A971E052C6CA24A00C465CB /* heart.gif */ = {isa = PBXFileReference; lastKnownFileType = image.gif; path = heart.gif; sourceTree = "<group>"; };
		7A971E072C6CAA8300C465CB /* star.gif */ = {isa = PBXFileReference; lastKnownFileType = image.gif; path = star.gif; sourceTree = "<group>"; };
		7A971E092C6CB84200C465CB /* correct.gif */ = {isa = PBXFileReference; lastKnownFileType = image.gif; path = correct.gif; sourceTree = "<group>"; };
		7A971E0B2C6CBE3000C465CB /* finish.gif */ = {isa = PBXFileReference; lastKnownFileType = image.gif; path = finish.gif; sourceTree = "<group>"; };
/* End PBXFileReference section */

/* Begin PBXFrameworksBuildPhase section */
		7A971DD82C6B61F900C465CB /* Frameworks */ = {
			isa = PBXFrameworksBuildPhase;
			buildActionMask = 2147483647;
			files = (
			);
			runOnlyForDeploymentPostprocessing = 0;
		};
/* End PBXFrameworksBuildPhase section */

/* Begin PBXGroup section */
		7A971DD22C6B61F800C465CB = {
			isa = PBXGroup;
			children = (
				7A971DDD2C6B61F900C465CB /* quiz app */,
				7A971DDC2C6B61F900C465CB /* Products */,
			);
			sourceTree = "<group>";
		};
		7A971DDC2C6B61F900C465CB /* Products */ = {
			isa = PBXGroup;
			children = (
				7A971DDB2C6B61F900C465CB /* quiz app.app */,
			);
			name = Products;
			sourceTree = "<group>";
		};
		7A971DDD2C6B61F900C465CB /* quiz app */ = {
			isa = PBXGroup;
			children = (
				7A971DDE2C6B61F900C465CB /* AppDelegate.swift */,
				7A971DE02C6B61F900C465CB /* SceneDelegate.swift */,
				7A971DF22C6B704B00C465CB /* Model.swift */,
				7A971DE22C6B61F900C465CB /* QuizViewController.swift */,
				7A971DF52C6B790700C465CB /* MenuViewController.swift */,
				7A971DE72C6B61FC00C465CB /* Assets.xcassets */,
				7A971DE92C6B61FC00C465CB /* LaunchScreen.storyboard */,
				7A971DEC2C6B61FC00C465CB /* Info.plist */,
				7A971DF72C6B797000C465CB /* IrishGrover-Regular.ttf */,
				7A971DF92C6B7B8500C465CB /* Katibeh-Regular.ttf */,
				7A971E052C6CA24A00C465CB /* heart.gif */,
				7A971E072C6CAA8300C465CB /* star.gif */,
				7A971E092C6CB84200C465CB /* correct.gif */,
				7A971E0B2C6CBE3000C465CB /* finish.gif */,
			);
			path = "quiz app";
			sourceTree = "<group>";
		};
/* End PBXGroup section */

/* Begin PBXNativeTarget section */
		7A971DDA2C6B61F900C465CB /* quiz app */ = {
			isa = PBXNativeTarget;
			buildConfigurationList = 7A971DEF2C6B61FC00C465CB /* Build configuration list for PBXNativeTarget "quiz app" */;
			buildPhases = (
				7A971DD72C6B61F900C465CB /* Sources */,
				7A971DD82C6B61F900C465CB /* Frameworks */,
				7A971DD92C6B61F900C465CB /* Resources */,
			);
			buildRules = (
			);
			dependencies = (
			);
			name = "quiz app";
			productName = "quiz app";
			productReference = 7A971DDB2C6B61F900C465CB /* quiz app.app */;
			productType = "com.apple.product-type.application";
		};
/* End PBXNativeTarget section */

/* Begin PBXProject section */
		7A971DD32C6B61F800C465CB /* Project object */ = {
			isa = PBXProject;
			attributes = {
				BuildIndependentTargetsInParallel = 1;
				LastSwiftUpdateCheck = 1540;
				LastUpgradeCheck = 1540;
				TargetAttributes = {
					7A971DDA2C6B61F900C465CB = {
						CreatedOnToolsVersion = 15.4;
					};
				};
			};
			buildConfigurationList = 7A971DD62C6B61F800C465CB /* Build configuration list for PBXProject "quiz app" */;
			compatibilityVersion = "Xcode 14.0";
			developmentRegion = en;
			hasScannedForEncodings = 0;
			knownRegions = (
				en,
				Base,
			);
			mainGroup = 7A971DD22C6B61F800C465CB;
			productRefGroup = 7A971DDC2C6B61F900C465CB /* Products */;
			projectDirPath = "";
			projectRoot = "";
			targets = (
				7A971DDA2C6B61F900C465CB /* quiz app */,
			);
		};
/* End PBXProject section */

/* Begin PBXResourcesBuildPhase section */
		7A971DD92C6B61F900C465CB /* Resources */ = {
			isa = PBXResourcesBuildPhase;
			buildActionMask = 2147483647;
			files = (
				7A971DF42C6B778A00C465CB /* LaunchScreen.storyboard in Resources */,
				7A971E062C6CA24A00C465CB /* heart.gif in Resources */,
				7A971E0C2C6CBE3100C465CB /* finish.gif in Resources */,
				7A971DF82C6B797000C465CB /* IrishGrover-Regular.ttf in Resources */,
				7A971DFA2C6B7B8500C465CB /* Katibeh-Regular.ttf in Resources */,
				7A971E082C6CAA8400C465CB /* star.gif in Resources */,
				7A971DE82C6B61FC00C465CB /* Assets.xcassets in Resources */,
				7A971E0A2C6CB84200C465CB /* correct.gif in Resources */,
			);
			runOnlyForDeploymentPostprocessing = 0;
		};
/* End PBXResourcesBuildPhase section */

/* Begin PBXSourcesBuildPhase section */
		7A971DD72C6B61F900C465CB /* Sources */ = {
			isa = PBXSourcesBuildPhase;
			buildActionMask = 2147483647;
			files = (
				7A971DE32C6B61F900C465CB /* QuizViewController.swift in Sources */,
				7A971DF62C6B790700C465CB /* MenuViewController.swift in Sources */,
				7A971DDF2C6B61F900C465CB /* AppDelegate.swift in Sources */,
				7A971DE12C6B61F900C465CB /* SceneDelegate.swift in Sources */,
				7A971DF32C6B704B00C465CB /* Model.swift in Sources */,
			);
			runOnlyForDeploymentPostprocessing = 0;
		};
/* End PBXSourcesBuildPhase section */

/* Begin PBXVariantGroup section */
		7A971DE92C6B61FC00C465CB /* LaunchScreen.storyboard */ = {
			isa = PBXVariantGroup;
			children = (
				7A971DEA2C6B61FC00C465CB /* Base */,
			);
			name = LaunchScreen.storyboard;
			sourceTree = "<group>";
		};
/* End PBXVariantGroup section */

/* Begin XCBuildConfiguration section */
		7A971DED2C6B61FC00C465CB /* Debug */ = {
			isa = XCBuildConfiguration;
			buildSettings = {
				ALWAYS_SEARCH_USER_PATHS = NO;
				ASSETCATALOG_COMPILER_GENERATE_SWIFT_ASSET_SYMBOL_EXTENSIONS = YES;
				CLANG_ANALYZER_NONNULL = YES;
				CLANG_ANALYZER_NUMBER_OBJECT_CONVERSION = YES_AGGRESSIVE;
				CLANG_CXX_LANGUAGE_STANDARD = "gnu++20";
				CLANG_ENABLE_MODULES = YES;
				CLANG_ENABLE_OBJC_ARC = YES;
				CLANG_ENABLE_OBJC_WEAK = YES;
				CLANG_WARN_BLOCK_CAPTURE_AUTORELEASING = YES;
				CLANG_WARN_BOOL_CONVERSION = YES;
				CLANG_WARN_COMMA = YES;
				CLANG_WARN_CONSTANT_CONVERSION = YES;
				CLANG_WARN_DEPRECATED_OBJC_IMPLEMENTATIONS = YES;
				CLANG_WARN_DIRECT_OBJC_ISA_USAGE = YES_ERROR;
				CLANG_WARN_DOCUMENTATION_COMMENTS = YES;
				CLANG_WARN_EMPTY_BODY = YES;
				CLANG_WARN_ENUM_CONVERSION = YES;
				CLANG_WARN_INFINITE_RECURSION = YES;
				CLANG_WARN_INT_CONVERSION = YES;
				CLANG_WARN_NON_LITERAL_NULL_CONVERSION = YES;
				CLANG_WARN_OBJC_IMPLICIT_RETAIN_SELF = YES;
				CLANG_WARN_OBJC_LITERAL_CONVERSION = YES;
				CLANG_WARN_OBJC_ROOT_CLASS = YES_ERROR;
				CLANG_WARN_QUOTED_INCLUDE_IN_FRAMEWORK_HEADER = YES;
				CLANG_WARN_RANGE_LOOP_ANALYSIS = YES;
				CLANG_WARN_STRICT_PROTOTYPES = YES;
				CLANG_WARN_SUSPICIOUS_MOVE = YES;
				CLANG_WARN_UNGUARDED_AVAILABILITY = YES_AGGRESSIVE;
				CLANG_WARN_UNREACHABLE_CODE = YES;
				CLANG_WARN__DUPLICATE_METHOD_MATCH = YES;
				COPY_PHASE_STRIP = NO;
				DEBUG_INFORMATION_FORMAT = dwarf;
				ENABLE_STRICT_OBJC_MSGSEND = YES;
				ENABLE_TESTABILITY = YES;
				ENABLE_USER_SCRIPT_SANDBOXING = YES;
				GCC_C_LANGUAGE_STANDARD = gnu17;
				GCC_DYNAMIC_NO_PIC = NO;
				GCC_NO_COMMON_BLOCKS = YES;
				GCC_OPTIMIZATION_LEVEL = 0;
				GCC_PREPROCESSOR_DEFINITIONS = (
					"DEBUG=1",
					"$(inherited)",
				);
				GCC_WARN_64_TO_32_BIT_CONVERSION = YES;
				GCC_WARN_ABOUT_RETURN_TYPE = YES_ERROR;
				GCC_WARN_UNDECLARED_SELECTOR = YES;
				GCC_WARN_UNINITIALIZED_AUTOS = YES_AGGRESSIVE;
				GCC_WARN_UNUSED_FUNCTION = YES;
				GCC_WARN_UNUSED_VARIABLE = YES;
				IPHONEOS_DEPLOYMENT_TARGET = 17.5;
				LOCALIZATION_PREFERS_STRING_CATALOGS = YES;
				MTL_ENABLE_DEBUG_INFO = INCLUDE_SOURCE;
				MTL_FAST_MATH = YES;
				ONLY_ACTIVE_ARCH = YES;
				SDKROOT = iphoneos;
				SWIFT_ACTIVE_COMPILATION_CONDITIONS = "DEBUG $(inherited)";
				SWIFT_OPTIMIZATION_LEVEL = "-Onone";
			};
			name = Debug;
		};
		7A971DEE2C6B61FC00C465CB /* Release */ = {
			isa = XCBuildConfiguration;
			buildSettings = {
				ALWAYS_SEARCH_USER_PATHS = NO;
				ASSETCATALOG_COMPILER_GENERATE_SWIFT_ASSET_SYMBOL_EXTENSIONS = YES;
				CLANG_ANALYZER_NONNULL = YES;
				CLANG_ANALYZER_NUMBER_OBJECT_CONVERSION = YES_AGGRESSIVE;
				CLANG_CXX_LANGUAGE_STANDARD = "gnu++20";
				CLANG_ENABLE_MODULES = YES;
				CLANG_ENABLE_OBJC_ARC = YES;
				CLANG_ENABLE_OBJC_WEAK = YES;
				CLANG_WARN_BLOCK_CAPTURE_AUTORELEASING = YES;
				CLANG_WARN_BOOL_CONVERSION = YES;
				CLANG_WARN_COMMA = YES;
				CLANG_WARN_CONSTANT_CONVERSION = YES;
				CLANG_WARN_DEPRECATED_OBJC_IMPLEMENTATIONS = YES;
				CLANG_WARN_DIRECT_OBJC_ISA_USAGE = YES_ERROR;
				CLANG_WARN_DOCUMENTATION_COMMENTS = YES;
				CLANG_WARN_EMPTY_BODY = YES;
				CLANG_WARN_ENUM_CONVERSION = YES;
				CLANG_WARN_INFINITE_RECURSION = YES;
				CLANG_WARN_INT_CONVERSION = YES;
				CLANG_WARN_NON_LITERAL_NULL_CONVERSION = YES;
				CLANG_WARN_OBJC_IMPLICIT_RETAIN_SELF = YES;
				CLANG_WARN_OBJC_LITERAL_CONVERSION = YES;
				CLANG_WARN_OBJC_ROOT_CLASS = YES_ERROR;
				CLANG_WARN_QUOTED_INCLUDE_IN_FRAMEWORK_HEADER = YES;
				CLANG_WARN_RANGE_LOOP_ANALYSIS = YES;
				CLANG_WARN_STRICT_PROTOTYPES = YES;
				CLANG_WARN_SUSPICIOUS_MOVE = YES;
				CLANG_WARN_UNGUARDED_AVAILABILITY = YES_AGGRESSIVE;
				CLANG_WARN_UNREACHABLE_CODE = YES;
				CLANG_WARN__DUPLICATE_METHOD_MATCH = YES;
				COPY_PHASE_STRIP = NO;
				DEBUG_INFORMATION_FORMAT = "dwarf-with-dsym";
				ENABLE_NS_ASSERTIONS = NO;
				ENABLE_STRICT_OBJC_MSGSEND = YES;
				ENABLE_USER_SCRIPT_SANDBOXING = YES;
				GCC_C_LANGUAGE_STANDARD = gnu17;
				GCC_NO_COMMON_BLOCKS = YES;
				GCC_WARN_64_TO_32_BIT_CONVERSION = YES;
				GCC_WARN_ABOUT_RETURN_TYPE = YES_ERROR;
				GCC_WARN_UNDECLARED_SELECTOR = YES;
				GCC_WARN_UNINITIALIZED_AUTOS = YES_AGGRESSIVE;
				GCC_WARN_UNUSED_FUNCTION = YES;
				GCC_WARN_UNUSED_VARIABLE = YES;
				IPHONEOS_DEPLOYMENT_TARGET = 17.5;
				LOCALIZATION_PREFERS_STRING_CATALOGS = YES;
				MTL_ENABLE_DEBUG_INFO = NO;
				MTL_FAST_MATH = YES;
				SDKROOT = iphoneos;
				SWIFT_COMPILATION_MODE = wholemodule;
				VALIDATE_PRODUCT = YES;
			};
			name = Release;
		};
		7A971DF02C6B61FC00C465CB /* Debug */ = {
			isa = XCBuildConfiguration;
			buildSettings = {
				ASSETCATALOG_COMPILER_APPICON_NAME = AppIcon;
				ASSETCATALOG_COMPILER_GLOBAL_ACCENT_COLOR_NAME = AccentColor;
				CODE_SIGN_STYLE = Automatic;
				CURRENT_PROJECT_VERSION = 1;
				DEVELOPMENT_TEAM = Q7SNWYJKZ5;
				GENERATE_INFOPLIST_FILE = YES;
				INFOPLIST_FILE = "quiz app/Info.plist";
				INFOPLIST_KEY_LSApplicationCategoryType = "public.app-category.games";
				INFOPLIST_KEY_UIApplicationSupportsIndirectInputEvents = YES;
				INFOPLIST_KEY_UILaunchStoryboardName = LaunchScreen;
				INFOPLIST_KEY_UIMainStoryboardFile = Main;
				INFOPLIST_KEY_UIStatusBarStyle = "";
				INFOPLIST_KEY_UISupportedInterfaceOrientations = UIInterfaceOrientationPortrait;
				INFOPLIST_KEY_UISupportedInterfaceOrientations_iPad = "UIInterfaceOrientationLandscapeLeft UIInterfaceOrientationLandscapeRight UIInterfaceOrientationPortrait UIInterfaceOrientationPortraitUpsideDown";
				LD_RUNPATH_SEARCH_PATHS = (
					"$(inherited)",
					"@executable_path/Frameworks",
				);
				MARKETING_VERSION = 1.0;
				PRODUCT_BUNDLE_IDENTIFIER = "miumyau.quiz-app";
				PRODUCT_NAME = "$(TARGET_NAME)";
				SWIFT_EMIT_LOC_STRINGS = YES;
				SWIFT_VERSION = 5.0;
				TARGETED_DEVICE_FAMILY = "1,2";
			};
			name = Debug;
		};
		7A971DF12C6B61FC00C465CB /* Release */ = {
			isa = XCBuildConfiguration;
			buildSettings = {
				ASSETCATALOG_COMPILER_APPICON_NAME = AppIcon;
				ASSETCATALOG_COMPILER_GLOBAL_ACCENT_COLOR_NAME = AccentColor;
				CODE_SIGN_STYLE = Automatic;
				CURRENT_PROJECT_VERSION = 1;
				DEVELOPMENT_TEAM = Q7SNWYJKZ5;
				GENERATE_INFOPLIST_FILE = YES;
				INFOPLIST_FILE = "quiz app/Info.plist";
				INFOPLIST_KEY_LSApplicationCategoryType = "public.app-category.games";
				INFOPLIST_KEY_UIApplicationSupportsIndirectInputEvents = YES;
				INFOPLIST_KEY_UILaunchStoryboardName = LaunchScreen;
				INFOPLIST_KEY_UIMainStoryboardFile = Main;
				INFOPLIST_KEY_UIStatusBarStyle = "";
				INFOPLIST_KEY_UISupportedInterfaceOrientations = UIInterfaceOrientationPortrait;
				INFOPLIST_KEY_UISupportedInterfaceOrientations_iPad = "UIInterfaceOrientationLandscapeLeft UIInterfaceOrientationLandscapeRight UIInterfaceOrientationPortrait UIInterfaceOrientationPortraitUpsideDown";
				LD_RUNPATH_SEARCH_PATHS = (
					"$(inherited)",
					"@executable_path/Frameworks",
				);
				MARKETING_VERSION = 1.0;
				PRODUCT_BUNDLE_IDENTIFIER = "miumyau.quiz-app";
				PRODUCT_NAME = "$(TARGET_NAME)";
				SWIFT_EMIT_LOC_STRINGS = YES;
				SWIFT_VERSION = 5.0;
				TARGETED_DEVICE_FAMILY = "1,2";
			};
			name = Release;
		};
/* End XCBuildConfiguration section */

/* Begin XCConfigurationList section */
		7A971DD62C6B61F800C465CB /* Build configuration list for PBXProject "quiz app" */ = {
			isa = XCConfigurationList;
			buildConfigurations = (
				7A971DED2C6B61FC00C465CB /* Debug */,
				7A971DEE2C6B61FC00C465CB /* Release */,
			);
			defaultConfigurationIsVisible = 0;
			defaultConfigurationName = Release;
		};
		7A971DEF2C6B61FC00C465CB /* Build configuration list for PBXNativeTarget "quiz app" */ = {
			isa = XCConfigurationList;
			buildConfigurations = (
				7A971DF02C6B61FC00C465CB /* Debug */,
				7A971DF12C6B61FC00C465CB /* Release */,
			);
			defaultConfigurationIsVisible = 0;
			defaultConfigurationName = Release;
		};
/* End XCConfigurationList section */
	};
	rootObject = 7A971DD32C6B61F800C465CB /* Project object */;
}
